github.com/FreibergVlad/go-yinfft v0.0.0-20251124124437-4470139c2a32 h1:Fy7/rmsVwHBZMoY4nYfQFKjsjzxg9mjTp+6rtOLAbtw=
github.com/FreibergVlad/go-yinfft v0.0.0-20251124124437-4470139c2a32/go.mod h1:8auxNuDhKbZ2r+Z+OxF5wD31NyOIu841O2igWinq/w0=
github.com/go-audio/audio v1.0.0 h1:zS9vebldgbQqktK4H0lUqWrG8P0NxCJVqcj7ZpNnwd4=
github.com/go-audio/audio v1.0.0/go.mod h1:6uAu0+H2lHkwdGsAY+j2wHPNPpPoeg5AaEFh9FlA+Zs=
github.com/go-audio/riff v1.0.0 h1:d8iCGbDvox9BfLagY94fBynxSPHO80LmZCaOsmKxokA=
github.com/go-audio/riff v1.0.0/go.mod h1:l3cQwc85y79NQFCRB7TiPoNiaijp6q8Z0Uv38rVG498=
github.com/go-audio/wav v1.1.0 h1:jQgLtbqBzY7G+BM8fXF7AHUk1uHUviWS4X39d5rsL2g=
github.com/go-audio/wav v1.1.0/go.mod h1:mpe9qfwbScEbkd8uybLuIpTgHyrISw/OTuvjUW2iGtE=
github.com/madelynnblue/go-dsp v1.0.0 h1:ufzvSGl8IdjCA6BFVUx1cZW/aDiiXxDBWU1MpkrtAiM=
github.com/madelynnblue/go-dsp v1.0.0/go.mod h1:dpf07Rj/u3te6cW3KwRBAqlyjP4InXHhNaYVuY73hHU=
github.com/mjibson/go-dsp v0.0.0-20260128111154-6db759bd4208 h1:7nn5Bpt0fDdgSfFAf2e7rrlP3HEppve7aHBSgZNmTeA=
github.com/mjibson/go-dsp v0.0.0-20260128111154-6db759bd4208/go.mod h1:i/KKcxEWEO8Yyl11DYafRPKOPVYTrhxiTRigjtEEXZU=
